{
    "_meta": {
        "hash": {
            "sha256": "60d07d63f1c3ed4725ea622de4ebd28e0e8d5efe2d1e1d30409216c029096be3"
        },
        "pipfile-spec": 6,
        "requires": {
            "python_version": "3.6"
        },
        "sources": [
            {
                "name": "pypi",
                "url": "https://pypi.org/simple",
                "verify_ssl": true
            }
        ]
    },
    "default": {
        "beautifulsoup4": {
            "hashes": [
                "sha256:194ec62a25438adcb3fdb06378b26559eda1ea8a747367d34c33cef9c7f48d57",
                "sha256:90f8e61121d6ae58362ce3bed8cd997efb00c914eae0ff3d363c32f9a9822d10",
                "sha256:f0abd31228055d698bb392a826528ea08ebb9959e6bea17c606fd9c9009db938"
            ],
            "index": "pypi",
            "version": "==4.6.3"
        },
        "certifi": {
            "hashes": [
                "sha256:017c25db2a153ce562900032d5bc68e9f191e44e9a0f762f373977de9df1fbb3",
                "sha256:25b64c7da4cd7479594d035c08c2d809eb4aab3a26e5a990ea98cc450c320f1f"
            ],
            "version": "==2019.11.28"
        },
        "chardet": {
            "hashes": [
                "sha256:84ab92ed1c4d4f16916e05906b6b75a6c0fb5db821cc65e70cbd64a3e2a5eaae",
                "sha256:fc323ffcaeaed0e0a02bf4d117757b98aed530d9ed4531e3e15460124c106691"
            ],
            "version": "==3.0.4"
        },
        "click": {
            "hashes": [
                "sha256:2335065e6395b9e67ca716de5f7526736bfa6ceead690adf616d925bdc622b13",
                "sha256:5b94b49521f6456670fdb30cd82a4eca9412788a93fa6dd6df72c94d5a8ff2d7"
            ],
            "version": "==7.0"
        },
        "flask": {
            "hashes": [
                "sha256:2271c0070dbcb5275fad4a82e29f23ab92682dc45f9dfbc22c02ba9b9322ce48",
                "sha256:a080b744b7e345ccfcbc77954861cb05b3c63786e93f2b3875e0913d44b43f05"
            ],
            "index": "pypi",
            "version": "==1.0.2"
        },
        "gunicorn": {
            "hashes": [
                "sha256:aa8e0b40b4157b36a5df5e599f45c9c76d6af43845ba3b3b0efe2c70473c2471",
                "sha256:fa2662097c66f920f53f70621c6c58ca4a3c4d3434205e608e121b5b3b71f4f3"
            ],
            "index": "pypi",
            "version": "==19.9.0"
        },
        "idna": {
            "hashes": [
                "sha256:156a6814fb5ac1fc6850fb002e0852d56c0c8d2531923a51032d1b70760e186e",
                "sha256:684a38a6f903c1d71d6d5fac066b58d7768af4de2b832e426ec79c30daa94a16"
            ],
            "version": "==2.7"
        },
        "itsdangerous": {
            "hashes": [
                "sha256:321b033d07f2a4136d3ec762eac9f16a10ccd60f53c0c91af90217ace7ba1f19",
                "sha256:b12271b2047cb23eeb98c8b5622e2e5c5e9abd9784a153e9d8ef9cb4dd09d749"
            ],
            "version": "==1.1.0"
        },
        "jinja2": {
            "hashes": [
                "sha256:74320bb91f31270f9551d46522e33af46a80c3d619f4a4bf42b3164d30b5911f",
                "sha256:9fe95f19286cfefaa917656583d020be14e7859c6b0252588391e47db34527de"
            ],
            "version": "==2.10.3"
        },
        "lxml": {
            "hashes": [
                "sha256:00ac0d64949fef6b3693813fe636a2d56d97a5a49b5bbb86e4cc4cc50ebc9ea2",
                "sha256:0571e607558665ed42e450d7bf0e2941d542c18e117b1ebbf0ba72f287ad841c",
                "sha256:0e3f04a7615fdac0be5e18b2406529521d6dbdb0167d2a690ee328bef7807487",
                "sha256:13cf89be53348d1c17b453867da68704802966c433b2bb4fa1f970daadd2ef70",
                "sha256:217262fcf6a4c2e1c7cb1efa08bd9ebc432502abc6c255c4abab611e8be0d14d",
                "sha256:223e544828f1955daaf4cefbb4853bc416b2ec3fd56d4f4204a8b17007c21250",
                "sha256:277cb61fede2f95b9c61912fefb3d43fbd5f18bf18a14fae4911b67984486f5d",
                "sha256:3213f753e8ae86c396e0e066866e64c6b04618e85c723b32ecb0909885211f74",
                "sha256:4690984a4dee1033da0af6df0b7a6bde83f74e1c0c870623797cec77964de34d",
                "sha256:4fcc472ef87f45c429d3b923b925704aa581f875d65bac80f8ab0c3296a63f78",
                "sha256:61409bd745a265a742f2693e4600e4dbd45cc1daebe1d5fad6fcb22912d44145",
                "sha256:678f1963f755c5d9f5f6968dded7b245dd1ece8cf53c1aa9d80e6734a8c7f41d",
                "sha256:6c6d03549d4e2734133badb9ab1c05d9f0ef4bcd31d83e5d2b4747c85cfa21da",
                "sha256:6e74d5f4d6ecd6942375c52ffcd35f4318a61a02328f6f1bd79fcb4ffedf969e",
                "sha256:7b4fc7b1ecc987ca7aaf3f4f0e71bbfbd81aaabf87002558f5bc95da3a865bcd",
                "sha256:7ed386a40e172ddf44c061ad74881d8622f791d9af0b6f5be20023029129bc85",
                "sha256:8f54f0924d12c47a382c600c880770b5ebfc96c9fd94cf6f6bdc21caf6163ea7",
                "sha256:ad9b81351fdc236bda538efa6879315448411a81186c836d4b80d6ca8217cdb9",
                "sha256:bbd00e21ea17f7bcc58dccd13869d68441b32899e89cf6cfa90d624a9198ce85",
                "sha256:c3c289762cc09735e2a8f8a49571d0e8b4f57ea831ea11558247b5bdea0ac4db",
                "sha256:cf4650942de5e5685ad308e22bcafbccfe37c54aa7c0e30cd620c2ee5c93d336",
                "sha256:cfcbc33c9c59c93776aa41ab02e55c288a042211708b72fdb518221cc803abc8",
                "sha256:e301055deadfedbd80cf94f2f65ff23126b232b0d1fea28f332ce58137bcdb18",
                "sha256:ebbfe24df7f7b5c6c7620702496b6419f6a9aa2fd7f005eb731cc80d7b4692b9",
                "sha256:eff69ddbf3ad86375c344339371168640951c302450c5d3e9936e98d6459db06",
                "sha256:f6ed60a62c5f1c44e789d2cf14009423cb1646b44a43e40a9cf6a21f077678a1"
            ],
            "index": "pypi",
            "version": "==4.4.2"
        },
        "markupsafe": {
            "hashes": [
                "sha256:00bc623926325b26bb9605ae9eae8a215691f33cae5df11ca5424f06f2d1f473",
                "sha256:09027a7803a62ca78792ad89403b1b7a73a01c8cb65909cd876f7fcebd79b161",
                "sha256:09c4b7f37d6c648cb13f9230d847adf22f8171b1ccc4d5682398e77f40309235",
                "sha256:1027c282dad077d0bae18be6794e6b6b8c91d58ed8a8d89a89d59693b9131db5",
                "sha256:24982cc2533820871eba85ba648cd53d8623687ff11cbb805be4ff7b4c971aff",
                "sha256:29872e92839765e546828bb7754a68c418d927cd064fd4708fab9fe9c8bb116b",
                "sha256:43a55c2930bbc139570ac2452adf3d70cdbb3cfe5912c71cdce1c2c6bbd9c5d1",
                "sha256:46c99d2de99945ec5cb54f23c8cd5689f6d7177305ebff350a58ce5f8de1669e",
                "sha256:500d4957e52ddc3351cabf489e79c91c17f6e0899158447047588650b5e69183",
                "sha256:535f6fc4d397c1563d08b88e485c3496cf5784e927af890fb3c3aac7f933ec66",
                "sha256:62fe6c95e3ec8a7fad637b7f3d372c15ec1caa01ab47926cfdf7a75b40e0eac1",
                "sha256:6dd73240d2af64df90aa7c4e7481e23825ea70af4b4922f8ede5b9e35f78a3b1",
                "sha256:717ba8fe3ae9cc0006d7c451f0bb265ee07739daf76355d06366154ee68d221e",
                "sha256:79855e1c5b8da654cf486b830bd42c06e8780cea587384cf6545b7d9ac013a0b",
                "sha256:7c1699dfe0cf8ff607dbdcc1e9b9af1755371f92a68f706051cc8c37d447c905",
                "sha256:88e5fcfb52ee7b911e8bb6d6aa2fd21fbecc674eadd44118a9cc3863f938e735",
                "sha256:8defac2f2ccd6805ebf65f5eeb132adcf2ab57aa11fdf4c0dd5169a004710e7d",
                "sha256:98c7086708b163d425c67c7a91bad6e466bb99d797aa64f965e9d25c12111a5e",
                "sha256:9add70b36c5666a2ed02b43b335fe19002ee5235efd4b8a89bfcf9005bebac0d",
                "sha256:9bf40443012702a1d2070043cb6291650a0841ece432556f784f004937f0f32c",
                "sha256:ade5e387d2ad0d7ebf59146cc00c8044acbd863725f887353a10df825fc8ae21",
                "sha256:b00c1de48212e4cc9603895652c5c410df699856a2853135b3967591e4beebc2",
                "sha256:b1282f8c00509d99fef04d8ba936b156d419be841854fe901d8ae224c59f0be5",
                "sha256:b2051432115498d3562c084a49bba65d97cf251f5a331c64a12ee7e04dacc51b",
                "sha256:ba59edeaa2fc6114428f1637ffff42da1e311e29382d81b339c1817d37ec93c6",
                "sha256:c8716a48d94b06bb3b2524c2b77e055fb313aeb4ea620c8dd03a105574ba704f",
                "sha256:cd5df75523866410809ca100dc9681e301e3c27567cf498077e8551b6d20e42f",
                "sha256:e249096428b3ae81b08327a63a485ad0878de3fb939049038579ac0ef61e17e7"
            ],
            "version": "==1.1.1"
        },
        "requests": {
            "hashes": [
                "sha256:99dcfdaaeb17caf6e526f32b6a7b780461512ab3f1d992187801694cba42770c",
                "sha256:a84b8c9ab6239b578f22d1c21d51b696dcfe004032bb80ea832398d6909d7279"
            ],
            "index": "pypi",
            "version": "==2.20.0"
        },
        "robobrowser": {
            "hashes": [
                "sha256:31219acab41ca68adce928e5c1e04acebba4ceabeb447b9c5e408d7b30fee983"
            ],
            "index": "pypi",
            "version": "==0.5.3"
        },
        "six": {
            "hashes": [
                "sha256:236bdbdce46e6e6a3d61a337c0f8b763ca1e8717c03b369e87a7ec7ce1319c0a",
                "sha256:8f3cd2e254d8f793e7f3d6d9df77b92252b52637291d0f0da013c76ea2724b6c"
            ],
            "version": "==1.14.0"
        },
        "urllib3": {
            "hashes": [
                "sha256:2393a695cd12afedd0dcb26fe5d50d0cf248e5a66f75dbd89a3d4eb333a61af4",
                "sha256:a637e5fae88995b256e3409dc4d52c2e2e0ba32c42a6365fee8bbd2238de3cfb"
            ],
            "version": "==1.24.3"
        },
        "werkzeug": {
            "hashes": [
                "sha256:7280924747b5733b246fe23972186c6b348f9ae29724135a6dfc1e53cea433e7",
                "sha256:e5f4a1f98b52b18a93da705a7458e55afb26f32bff83ff5d19189f92462d65c4"
            ],
            "version": "==0.16.0"
        }
    },
    "develop": {
        "entrypoints": {
            "hashes": [
                "sha256:589f874b313739ad35be6e0cd7efde2a4e9b6fea91edcc34e58ecbb8dbe56d19",
                "sha256:c70dd71abe5a8c85e55e12c19bd91ccfeec11a6e99044204511f9ed547d48451"
            ],
            "version": "==0.3"
        },
        "flake8": {
            "hashes": [
                "sha256:45681a117ecc81e870cbf1262835ae4af5e7a8b08e40b944a8a6e6b895914cfb",
                "sha256:49356e766643ad15072a789a20915d3c91dc89fd313ccd71802303fd67e4deca"
            ],
            "index": "pypi",
            "version": "==3.7.9"
        },
        "mccabe": {
            "hashes": [
                "sha256:ab8a6258860da4b6677da4bd2fe5dc2c659cff31b3ee4f7f5d64e79735b80d42",
                "sha256:dd8d182285a0fe56bace7f45b5e7d1a6ebcbf524e8f3bd87eb0f125271b8831f"
            ],
            "version": "==0.6.1"
        },
        "pycodestyle": {
            "hashes": [
                "sha256:95a2219d12372f05704562a14ec30bc76b05a5b297b21a5dfe3f6fac3491ae56",
                "sha256:e40a936c9a450ad81df37f549d676d127b1b66000a6c500caa2b085bc0ca976c"
            ],
            "version": "==2.5.0"
        },
        "pyflakes": {
            "hashes": [
                "sha256:17dbeb2e3f4d772725c777fabc446d5634d1038f234e77343108ce445ea69ce0",
                "sha256:d976835886f8c5b31d47970ed689944a0262b5f3afa00a5a7b4dc81e5449f8a2"
            ],
            "version": "==2.1.1"
        }
    }
}
